// !$*UTF8*$!
{
	archiveVersion = 1;
	classes = {
	};
	objectVersion = 56;
	objects = {

/* Begin PBXBuildFile section */
		686030272BDE012D00C5D829 /* AppDelegate.swift in Sources */ = {isa = PBXBuildFile; fileRef = 686030262BDE012D00C5D829 /* AppDelegate.swift */; };
		686030292BDE012D00C5D829 /* SceneDelegate.swift in Sources */ = {isa = PBXBuildFile; fileRef = 686030282BDE012D00C5D829 /* SceneDelegate.swift */; };
		6860302B2BDE012D00C5D829 /* ViewController.swift in Sources */ = {isa = PBXBuildFile; fileRef = 6860302A2BDE012D00C5D829 /* ViewController.swift */; };
		6860302E2BDE012D00C5D829 /* Main.storyboard in Resources */ = {isa = PBXBuildFile; fileRef = 6860302C2BDE012D00C5D829 /* Main.storyboard */; };
		686030302BDE012F00C5D829 /* Assets.xcassets in Resources */ = {isa = PBXBuildFile; fileRef = 6860302F2BDE012F00C5D829 /* Assets.xcassets */; };
		686030332BDE012F00C5D829 /* LaunchScreen.storyboard in Resources */ = {isa = PBXBuildFile; fileRef = 686030312BDE012F00C5D829 /* LaunchScreen.storyboard */; };
		6860303E2BDE062300C5D829 /* CardCell.swift in Sources */ = {isa = PBXBuildFile; fileRef = 6860303C2BDE062300C5D829 /* CardCell.swift */; };
		6860303F2BDE062300C5D829 /* CardCell.xib in Resources */ = {isa = PBXBuildFile; fileRef = 6860303D2BDE062300C5D829 /* CardCell.xib */; };
		68F355CA2BDE472D00B88B51 /* Card.swift in Sources */ = {isa = PBXBuildFile; fileRef = 68F355C92BDE472D00B88B51 /* Card.swift */; };
		68F355CF2BDE4FD300B88B51 /* SharedManager.swift in Sources */ = {isa = PBXBuildFile; fileRef = 68F355CE2BDE4FD300B88B51 /* SharedManager.swift */; };
		68F355D22BDE52F900B88B51 /* ViewController+Extension.swift in Sources */ = {isa = PBXBuildFile; fileRef = 68F355D12BDE52F900B88B51 /* ViewController+Extension.swift */; };
/* End PBXBuildFile section */

/* Begin PBXFileReference section */
		686030232BDE012D00C5D829 /* Card_test.app */ = {isa = PBXFileReference; explicitFileType = wrapper.application; includeInIndex = 0; path = Card_test.app; sourceTree = BUILT_PRODUCTS_DIR; };
		686030262BDE012D00C5D829 /* AppDelegate.swift */ = {isa = PBXFileReference; lastKnownFileType = sourcecode.swift; path = AppDelegate.swift; sourceTree = "<group>"; };
		686030282BDE012D00C5D829 /* SceneDelegate.swift */ = {isa = PBXFileReference; lastKnownFileType = sourcecode.swift; path = SceneDelegate.swift; sourceTree = "<group>"; };
		6860302A2BDE012D00C5D829 /* ViewController.swift */ = {isa = PBXFileReference; lastKnownFileType = sourcecode.swift; path = ViewController.swift; sourceTree = "<group>"; };
		6860302D2BDE012D00C5D829 /* Base */ = {isa = PBXFileReference; lastKnownFileType = file.storyboard; name = Base; path = Base.lproj/Main.storyboard; sourceTree = "<group>"; };
		6860302F2BDE012F00C5D829 /* Assets.xcassets */ = {isa = PBXFileReference; lastKnownFileType = folder.assetcatalog; path = Assets.xcassets; sourceTree = "<group>"; };
		686030322BDE012F00C5D829 /* Base */ = {isa = PBXFileReference; lastKnownFileType = file.storyboard; name = Base; path = Base.lproj/LaunchScreen.storyboard; sourceTree = "<group>"; };
		686030342BDE012F00C5D829 /* Info.plist */ = {isa = PBXFileReference; lastKnownFileType = text.plist.xml; path = Info.plist; sourceTree = "<group>"; };
		6860303C2BDE062300C5D829 /* CardCell.swift */ = {isa = PBXFileReference; lastKnownFileType = sourcecode.swift; path = CardCell.swift; sourceTree = "<group>"; };
		6860303D2BDE062300C5D829 /* CardCell.xib */ = {isa = PBXFileReference; lastKnownFileType = file.xib; path = CardCell.xib; sourceTree = "<group>"; };
		68F355C92BDE472D00B88B51 /* Card.swift */ = {isa = PBXFileReference; lastKnownFileType = sourcecode.swift; path = Card.swift; sourceTree = "<group>"; };
		68F355CE2BDE4FD300B88B51 /* SharedManager.swift */ = {isa = PBXFileReference; lastKnownFileType = sourcecode.swift; path = SharedManager.swift; sourceTree = "<group>"; };
		68F355D12BDE52F900B88B51 /* ViewController+Extension.swift */ = {isa = PBXFileReference; lastKnownFileType = sourcecode.swift; path = "ViewController+Extension.swift"; sourceTree = "<group>"; };
/* End PBXFileReference section */

/* Begin PBXFrameworksBuildPhase section */
		686030202BDE012D00C5D829 /* Frameworks */ = {
			isa = PBXFrameworksBuildPhase;
			buildActionMask = 2147483647;
			files = (
			);
			runOnlyForDeploymentPostprocessing = 0;
		};
/* End PBXFrameworksBuildPhase section */

/* Begin PBXGroup section */
		6860301A2BDE012D00C5D829 = {
			isa = PBXGroup;
			children = (
				686030252BDE012D00C5D829 /* Card_test */,
				686030242BDE012D00C5D829 /* Products */,
			);
			sourceTree = "<group>";
		};
		686030242BDE012D00C5D829 /* Products */ = {
			isa = PBXGroup;
			children = (
				686030232BDE012D00C5D829 /* Card_test.app */,
			);
			name = Products;
			sourceTree = "<group>";
		};
		686030252BDE012D00C5D829 /* Card_test */ = {
			isa = PBXGroup;
			children = (
				68F355D02BDE51EE00B88B51 /* ViewModel */,
				68F355CD2BDE4F6C00B88B51 /* Uility */,
				68F355CB2BDE475300B88B51 /* View */,
				68F355C82BDE469F00B88B51 /* Model */,
				686030262BDE012D00C5D829 /* AppDelegate.swift */,
				686030282BDE012D00C5D829 /* SceneDelegate.swift */,
				6860302C2BDE012D00C5D829 /* Main.storyboard */,
				6860302F2BDE012F00C5D829 /* Assets.xcassets */,
				686030312BDE012F00C5D829 /* LaunchScreen.storyboard */,
				686030342BDE012F00C5D829 /* Info.plist */,
			);
			path = Card_test;
			sourceTree = "<group>";
		};
		68F355C82BDE469F00B88B51 /* Model */ = {
			isa = PBXGroup;
			children = (
				68F355C92BDE472D00B88B51 /* Card.swift */,
			);
			path = Model;
			sourceTree = "<group>";
		};
		68F355CB2BDE475300B88B51 /* View */ = {
			isa = PBXGroup;
			children = (
				68F355CC2BDE475B00B88B51 /* Screen */,
			);
			path = View;
			sourceTree = "<group>";
		};
		68F355CC2BDE475B00B88B51 /* Screen */ = {
			isa = PBXGroup;
			children = (
				6860303C2BDE062300C5D829 /* CardCell.swift */,
				6860303D2BDE062300C5D829 /* CardCell.xib */,
			);
			path = Screen;
			sourceTree = "<group>";
		};
		68F355CD2BDE4F6C00B88B51 /* Uility */ = {
			isa = PBXGroup;
			children = (
				68F355CE2BDE4FD300B88B51 /* SharedManager.swift */,
			);
			path = Uility;
			sourceTree = "<group>";
		};
		68F355D02BDE51EE00B88B51 /* ViewModel */ = {
			isa = PBXGroup;
			children = (
				6860302A2BDE012D00C5D829 /* ViewController.swift */,
				68F355D12BDE52F900B88B51 /* ViewController+Extension.swift */,
			);
			path = ViewModel;
			sourceTree = "<group>";
		};
/* End PBXGroup section */

/* Begin PBXNativeTarget section */
		686030222BDE012D00C5D829 /* Card_test */ = {
			isa = PBXNativeTarget;
			buildConfigurationList = 686030372BDE012F00C5D829 /* Build configuration list for PBXNativeTarget "Card_test" */;
			buildPhases = (
				6860301F2BDE012D00C5D829 /* Sources */,
				686030202BDE012D00C5D829 /* Frameworks */,
				686030212BDE012D00C5D829 /* Resources */,
			);
			buildRules = (
			);
			dependencies = (
			);
			name = Card_test;
			productName = Card_test;
			productReference = 686030232BDE012D00C5D829 /* Card_test.app */;
			productType = "com.apple.product-type.application";
		};
/* End PBXNativeTarget section */

/* Begin PBXProject section */
		6860301B2BDE012D00C5D829 /* Project object */ = {
			isa = PBXProject;
			attributes = {
				BuildIndependentTargetsInParallel = 1;
				LastSwiftUpdateCheck = 1510;
				LastUpgradeCheck = 1510;
				TargetAttributes = {
					686030222BDE012D00C5D829 = {
						CreatedOnToolsVersion = 15.1;
					};
				};
			};
			buildConfigurationList = 6860301E2BDE012D00C5D829 /* Build configuration list for PBXProject "Card_test" */;
			compatibilityVersion = "Xcode 14.0";
			developmentRegion = en;
			hasScannedForEncodings = 0;
			knownRegions = (
				en,
				Base,
			);
			mainGroup = 6860301A2BDE012D00C5D829;
			productRefGroup = 686030242BDE012D00C5D829 /* Products */;
			projectDirPath = "";
			projectRoot = "";
			targets = (
				686030222BDE012D00C5D829 /* Card_test */,
			);
		};
/* End PBXProject section */

/* Begin PBXResourcesBuildPhase section */
		686030212BDE012D00C5D829 /* Resources */ = {
			isa = PBXResourcesBuildPhase;
			buildActionMask = 2147483647;
			files = (
				686030332BDE012F00C5D829 /* LaunchScreen.storyboard in Resources */,
				686030302BDE012F00C5D829 /* Assets.xcassets in Resources */,
				6860302E2BDE012D00C5D829 /* Main.storyboard in Resources */,
				6860303F2BDE062300C5D829 /* CardCell.xib in Resources */,
			);
			runOnlyForDeploymentPostprocessing = 0;
		};
/* End PBXResourcesBuildPhase section */

/* Begin PBXSourcesBuildPhase section */
		6860301F2BDE012D00C5D829 /* Sources */ = {
			isa = PBXSourcesBuildPhase;
			buildActionMask = 2147483647;
			files = (
				68F355CF2BDE4FD300B88B51 /* SharedManager.swift in Sources */,
				6860302B2BDE012D00C5D829 /* ViewController.swift in Sources */,
				686030272BDE012D00C5D829 /* AppDelegate.swift in Sources */,
				68F355D22BDE52F900B88B51 /* ViewController+Extension.swift in Sources */,
				68F355CA2BDE472D00B88B51 /* Card.swift in Sources */,
				686030292BDE012D00C5D829 /* SceneDelegate.swift in Sources */,
				6860303E2BDE062300C5D829 /* CardCell.swift in Sources */,
			);
			runOnlyForDeploymentPostprocessing = 0;
		};
/* End PBXSourcesBuildPhase section */

/* Begin PBXVariantGroup section */
		6860302C2BDE012D00C5D829 /* Main.storyboard */ = {
			isa = PBXVariantGroup;
			children = (
				6860302D2BDE012D00C5D829 /* Base */,
			);
			name = Main.storyboard;
			sourceTree = "<group>";
		};
		686030312BDE012F00C5D829 /* LaunchScreen.storyboard */ = {
			isa = PBXVariantGroup;
			children = (
				686030322BDE012F00C5D829 /* Base */,
			);
			name = LaunchScreen.storyboard;
			sourceTree = "<group>";
		};
/* End PBXVariantGroup section */

/* Begin XCBuildConfiguration section */
		686030352BDE012F00C5D829 /* Debug */ = {
			isa = XCBuildConfiguration;
			buildSettings = {
				ALWAYS_SEARCH_USER_PATHS = NO;
				ASSETCATALOG_COMPILER_GENERATE_SWIFT_ASSET_SYMBOL_EXTENSIONS = YES;
				CLANG_ANALYZER_NONNULL = YES;
				CLANG_ANALYZER_NUMBER_OBJECT_CONVERSION = YES_AGGRESSIVE;
				CLANG_CXX_LANGUAGE_STANDARD = "gnu++20";
				CLANG_ENABLE_MODULES = YES;
				CLANG_ENABLE_OBJC_ARC = YES;
				CLANG_ENABLE_OBJC_WEAK = YES;
				CLANG_WARN_BLOCK_CAPTURE_AUTORELEASING = YES;
				CLANG_WARN_BOOL_CONVERSION = YES;
				CLANG_WARN_COMMA = YES;
				CLANG_WARN_CONSTANT_CONVERSION = YES;
				CLANG_WARN_DEPRECATED_OBJC_IMPLEMENTATIONS = YES;
				CLANG_WARN_DIRECT_OBJC_ISA_USAGE = YES_ERROR;
				CLANG_WARN_DOCUMENTATION_COMMENTS = YES;
				CLANG_WARN_EMPTY_BODY = YES;
				CLANG_WARN_ENUM_CONVERSION = YES;
				CLANG_WARN_INFINITE_RECURSION = YES;
				CLANG_WARN_INT_CONVERSION = YES;
				CLANG_WARN_NON_LITERAL_NULL_CONVERSION = YES;
				CLANG_WARN_OBJC_IMPLICIT_RETAIN_SELF = YES;
				CLANG_WARN_OBJC_LITERAL_CONVERSION = YES;
				CLANG_WARN_OBJC_ROOT_CLASS = YES_ERROR;
				CLANG_WARN_QUOTED_INCLUDE_IN_FRAMEWORK_HEADER = YES;
				CLANG_WARN_RANGE_LOOP_ANALYSIS = YES;
				CLANG_WARN_STRICT_PROTOTYPES = YES;
				CLANG_WARN_SUSPICIOUS_MOVE = YES;
				CLANG_WARN_UNGUARDED_AVAILABILITY = YES_AGGRESSIVE;
				CLANG_WARN_UNREACHABLE_CODE = YES;
				CLANG_WARN__DUPLICATE_METHOD_MATCH = YES;
				COPY_PHASE_STRIP = NO;
				DEBUG_INFORMATION_FORMAT = dwarf;
				ENABLE_STRICT_OBJC_MSGSEND = YES;
				ENABLE_TESTABILITY = YES;
				ENABLE_USER_SCRIPT_SANDBOXING = YES;
				GCC_C_LANGUAGE_STANDARD = gnu17;
				GCC_DYNAMIC_NO_PIC = NO;
				GCC_NO_COMMON_BLOCKS = YES;
				GCC_OPTIMIZATION_LEVEL = 0;
				GCC_PREPROCESSOR_DEFINITIONS = (
					"DEBUG=1",
					"$(inherited)",
				);
				GCC_WARN_64_TO_32_BIT_CONVERSION = YES;
				GCC_WARN_ABOUT_RETURN_TYPE = YES_ERROR;
				GCC_WARN_UNDECLARED_SELECTOR = YES;
				GCC_WARN_UNINITIALIZED_AUTOS = YES_AGGRESSIVE;
				GCC_WARN_UNUSED_FUNCTION = YES;
				GCC_WARN_UNUSED_VARIABLE = YES;
				IPHONEOS_DEPLOYMENT_TARGET = 17.2;
				LOCALIZATION_PREFERS_STRING_CATALOGS = YES;
				MTL_ENABLE_DEBUG_INFO = INCLUDE_SOURCE;
				MTL_FAST_MATH = YES;
				ONLY_ACTIVE_ARCH = YES;
				SDKROOT = iphoneos;
				SWIFT_ACTIVE_COMPILATION_CONDITIONS = "DEBUG $(inherited)";
				SWIFT_OPTIMIZATION_LEVEL = "-Onone";
			};
			name = Debug;
		};
		686030362BDE012F00C5D829 /* Release */ = {
			isa = XCBuildConfiguration;
			buildSettings = {
				ALWAYS_SEARCH_USER_PATHS = NO;
				ASSETCATALOG_COMPILER_GENERATE_SWIFT_ASSET_SYMBOL_EXTENSIONS = YES;
				CLANG_ANALYZER_NONNULL = YES;
				CLANG_ANALYZER_NUMBER_OBJECT_CONVERSION = YES_AGGRESSIVE;
				CLANG_CXX_LANGUAGE_STANDARD = "gnu++20";
				CLANG_ENABLE_MODULES = YES;
				CLANG_ENABLE_OBJC_ARC = YES;
				CLANG_ENABLE_OBJC_WEAK = YES;
				CLANG_WARN_BLOCK_CAPTURE_AUTORELEASING = YES;
				CLANG_WARN_BOOL_CONVERSION = YES;
				CLANG_WARN_COMMA = YES;
				CLANG_WARN_CONSTANT_CONVERSION = YES;
				CLANG_WARN_DEPRECATED_OBJC_IMPLEMENTATIONS = YES;
				CLANG_WARN_DIRECT_OBJC_ISA_USAGE = YES_ERROR;
				CLANG_WARN_DOCUMENTATION_COMMENTS = YES;
				CLANG_WARN_EMPTY_BODY = YES;
				CLANG_WARN_ENUM_CONVERSION = YES;
				CLANG_WARN_INFINITE_RECURSION = YES;
				CLANG_WARN_INT_CONVERSION = YES;
				CLANG_WARN_NON_LITERAL_NULL_CONVERSION = YES;
				CLANG_WARN_OBJC_IMPLICIT_RETAIN_SELF = YES;
				CLANG_WARN_OBJC_LITERAL_CONVERSION = YES;
				CLANG_WARN_OBJC_ROOT_CLASS = YES_ERROR;
				CLANG_WARN_QUOTED_INCLUDE_IN_FRAMEWORK_HEADER = YES;
				CLANG_WARN_RANGE_LOOP_ANALYSIS = YES;
				CLANG_WARN_STRICT_PROTOTYPES = YES;
				CLANG_WARN_SUSPICIOUS_MOVE = YES;
				CLANG_WARN_UNGUARDED_AVAILABILITY = YES_AGGRESSIVE;
				CLANG_WARN_UNREACHABLE_CODE = YES;
				CLANG_WARN__DUPLICATE_METHOD_MATCH = YES;
				COPY_PHASE_STRIP = NO;
				DEBUG_INFORMATION_FORMAT = "dwarf-with-dsym";
				ENABLE_NS_ASSERTIONS = NO;
				ENABLE_STRICT_OBJC_MSGSEND = YES;
				ENABLE_USER_SCRIPT_SANDBOXING = YES;
				GCC_C_LANGUAGE_STANDARD = gnu17;
				GCC_NO_COMMON_BLOCKS = YES;
				GCC_WARN_64_TO_32_BIT_CONVERSION = YES;
				GCC_WARN_ABOUT_RETURN_TYPE = YES_ERROR;
				GCC_WARN_UNDECLARED_SELECTOR = YES;
				GCC_WARN_UNINITIALIZED_AUTOS = YES_AGGRESSIVE;
				GCC_WARN_UNUSED_FUNCTION = YES;
				GCC_WARN_UNUSED_VARIABLE = YES;
				IPHONEOS_DEPLOYMENT_TARGET = 17.2;
				LOCALIZATION_PREFERS_STRING_CATALOGS = YES;
				MTL_ENABLE_DEBUG_INFO = NO;
				MTL_FAST_MATH = YES;
				SDKROOT = iphoneos;
				SWIFT_COMPILATION_MODE = wholemodule;
				VALIDATE_PRODUCT = YES;
			};
			name = Release;
		};
		686030382BDE012F00C5D829 /* Debug */ = {
			isa = XCBuildConfiguration;
			buildSettings = {
				ASSETCATALOG_COMPILER_APPICON_NAME = AppIcon;
				ASSETCATALOG_COMPILER_GLOBAL_ACCENT_COLOR_NAME = AccentColor;
				CODE_SIGN_STYLE = Automatic;
				CURRENT_PROJECT_VERSION = 1;
				GENERATE_INFOPLIST_FILE = YES;
				INFOPLIST_FILE = Card_test/Info.plist;
				INFOPLIST_KEY_UIApplicationSupportsIndirectInputEvents = YES;
				INFOPLIST_KEY_UILaunchStoryboardName = LaunchScreen;
				INFOPLIST_KEY_UIMainStoryboardFile = Main;
				INFOPLIST_KEY_UISupportedInterfaceOrientations = UIInterfaceOrientationPortrait;
				LD_RUNPATH_SEARCH_PATHS = (
					"$(inherited)",
					"@executable_path/Frameworks",
				);
				MARKETING_VERSION = 1.0;
				PRODUCT_BUNDLE_IDENTIFIER = "harishdy.com.Card-test";
				PRODUCT_NAME = "$(TARGET_NAME)";
				SWIFT_EMIT_LOC_STRINGS = YES;
				SWIFT_VERSION = 5.0;
				TARGETED_DEVICE_FAMILY = "1,2";
			};
			name = Debug;
		};
		686030392BDE012F00C5D829 /* Release */ = {
			isa = XCBuildConfiguration;
			buildSettings = {
				ASSETCATALOG_COMPILER_APPICON_NAME = AppIcon;
				ASSETCATALOG_COMPILER_GLOBAL_ACCENT_COLOR_NAME = AccentColor;
				CODE_SIGN_STYLE = Automatic;
				CURRENT_PROJECT_VERSION = 1;
				GENERATE_INFOPLIST_FILE = YES;
				INFOPLIST_FILE = Card_test/Info.plist;
				INFOPLIST_KEY_UIApplicationSupportsIndirectInputEvents = YES;
				INFOPLIST_KEY_UILaunchStoryboardName = LaunchScreen;
				INFOPLIST_KEY_UIMainStoryboardFile = Main;
				INFOPLIST_KEY_UISupportedInterfaceOrientations = UIInterfaceOrientationPortrait;
				LD_RUNPATH_SEARCH_PATHS = (
					"$(inherited)",
					"@executable_path/Frameworks",
				);
				MARKETING_VERSION = 1.0;
				PRODUCT_BUNDLE_IDENTIFIER = "harishdy.com.Card-test";
				PRODUCT_NAME = "$(TARGET_NAME)";
				SWIFT_EMIT_LOC_STRINGS = YES;
				SWIFT_VERSION = 5.0;
				TARGETED_DEVICE_FAMILY = "1,2";
			};
			name = Release;
		};
/* End XCBuildConfiguration section */

/* Begin XCConfigurationList section */
		6860301E2BDE012D00C5D829 /* Build configuration list for PBXProject "Card_test" */ = {
			isa = XCConfigurationList;
			buildConfigurations = (
				686030352BDE012F00C5D829 /* Debug */,
				686030362BDE012F00C5D829 /* Release */,
			);
			defaultConfigurationIsVisible = 0;
			defaultConfigurationName = Release;
		};
		686030372BDE012F00C5D829 /* Build configuration list for PBXNativeTarget "Card_test" */ = {
			isa = XCConfigurationList;
			buildConfigurations = (
				686030382BDE012F00C5D829 /* Debug */,
				686030392BDE012F00C5D829 /* Release */,
			);
			defaultConfigurationIsVisible = 0;
			defaultConfigurationName = Release;
		};
/* End XCConfigurationList section */
	};
	rootObject = 6860301B2BDE012D00C5D829 /* Project object */;
}
